# THIS IS AN AUTOGENERATED FILE. DO NOT EDIT THIS FILE DIRECTLY.
# yarn lockfile v1


replicate@^0.20.1:
  version "0.20.1"
  resolved "https://registry.yarnpkg.com/replicate/-/replicate-0.20.1.tgz#3f9032eaa6a8469dac9abab914967fc2e6cb1549"
  integrity sha512-QVyI1rowGsSfNuDrRmumYPdCHa/fN/RkI3NHpcK0i5hSSiWK69URAyheAC/0MIAiS3oUs4kD56PB9zEI4oHENw==
